<?xml version="1.0" encoding="utf-8"?>
<Project ToolsVersion="4.0" xmlns="http://schemas.microsoft.com/developer/msbuild/2003">
  <ItemGroup>
    <Filter Include="Source Files">
      <UniqueIdentifier>{4FC737F1-C7A5-4376-A066-2A32D752A2FF}</UniqueIdentifier>
      <Extensions>cpp;c;cc;cxx;c++;cppm;ixx;def;odl;idl;hpj;bat;asm;asmx</Extensions>
    </Filter>
    <Filter Include="Header Files">
      <UniqueIdentifier>{93995380-89BD-4b04-88EB-625FBE52EBFB}</UniqueIdentifier>
      <Extensions>h;hh;hpp;hxx;h++;hm;inl;inc;ipp;xsd</Extensions>
    </Filter>
    <Filter Include="Resource Files">
      <UniqueIdentifier>{67DA6AB6-F800-4c08-8B7A-83BB121AAD01}</UniqueIdentifier>
      <Extensions>rc;ico;cur;bmp;dlg;rc2;rct;bin;rgs;gif;jpg;jpeg;jpe;resx;tiff;tif;png;wav;mfcribbon-ms</Extensions>
    </Filter>
  </ItemGroup>
  <ItemGroup>
    <ClInclude Include="ThirdParty\VMA\vk_mem_alloc.h">
      <Filter>Header Files</Filter>
    </ClInclude>
    <ClInclude Include="ThirdParty\vulkan\vk_enum_string_helper.h">
      <Filter>Header Files</Filter>
    </ClInclude>
    <ClInclude Include="ThirdParty\vulkan\vk_icd.h">
      <Filter>Header Files</Filter>
    </ClInclude>
    <ClInclude Include="ThirdParty\vulkan\vk_layer.h">
      <Filter>Header Files</Filter>
    </ClInclude>
    <ClInclude Include="ThirdParty\vulkan\vk_platform.h">
      <Filter>Header Files</Filter>
    </ClInclude>
    <ClInclude Include="ThirdParty\vulkan\vulkan.h">
      <Filter>Header Files</Filter>
    </ClInclude>
    <ClInclude Include="ThirdParty\vulkan\vulkan_android.h">
      <Filter>Header Files</Filter>
    </ClInclude>
    <ClInclude Include="ThirdParty\vulkan\vulkan_beta.h">
      <Filter>Header Files</Filter>
    </ClInclude>
    <ClInclude Include="ThirdParty\vulkan\vulkan_core.h">
      <Filter>Header Files</Filter>
    </ClInclude>
    <ClInclude Include="ThirdParty\vulkan\vulkan_directfb.h">
      <Filter>Header Files</Filter>
    </ClInclude>
    <ClInclude Include="ThirdParty\vulkan\vulkan_fuchsia.h">
      <Filter>Header Files</Filter>
    </ClInclude>
    <ClInclude Include="ThirdParty\vulkan\vulkan_ggp.h">
      <Filter>Header Files</Filter>
    </ClInclude>
    <ClInclude Include="ThirdParty\vulkan\vulkan_ios.h">
      <Filter>Header Files</Filter>
    </ClInclude>
    <ClInclude Include="ThirdParty\vulkan\vulkan_macos.h">
      <Filter>Header Files</Filter>
    </ClInclude>
    <ClInclude Include="ThirdParty\vulkan\vulkan_metal.h">
      <Filter>Header Files</Filter>
    </ClInclude>
    <ClInclude Include="ThirdParty\vulkan\vulkan_screen.h">
      <Filter>Header Files</Filter>
    </ClInclude>
    <ClInclude Include="ThirdParty\vulkan\vulkan_vi.h">
      <Filter>Header Files</Filter>
    </ClInclude>
    <ClInclude Include="ThirdParty\vulkan\vulkan_wayland.h">
      <Filter>Header Files</Filter>
    </ClInclude>
    <ClInclude Include="ThirdParty\vulkan\vulkan_win32.h">
      <Filter>Header Files</Filter>
    </ClInclude>
    <ClInclude Include="ThirdParty\vulkan\vulkan_xcb.h">
      <Filter>Header Files</Filter>
    </ClInclude>
    <ClInclude Include="ThirdParty\vulkan\vulkan_xlib.h">
      <Filter>Header Files</Filter>
    </ClInclude>
    <ClInclude Include="ThirdParty\vulkan\vulkan_xlib_xrandr.h">
      <Filter>Header Files</Filter>
    </ClInclude>
    <ClInclude Include="ThirdParty\PKAssets\PKAsset.h">
      <Filter>Header Files</Filter>
    </ClInclude>
    <ClInclude Include="ThirdParty\PKAssets\PKAssetLoader.h">
      <Filter>Header Files</Filter>
    </ClInclude>
    <ClInclude Include="ThirdParty\mikktspace\mikktspace.h">
      <Filter>Header Files</Filter>
    </ClInclude>
    <ClInclude Include="src\Rendering\Objects\RayTracingAccelerationStructure.h">
      <Filter>Header Files</Filter>
    </ClInclude>
    <ClInclude Include="ThirdParty\vulkan\vk_video\vulkan_video_codec_h264std.h">
      <Filter>Header Files</Filter>
    </ClInclude>
    <ClInclude Include="ThirdParty\vulkan\vk_video\vulkan_video_codec_h264std_decode.h">
      <Filter>Header Files</Filter>
    </ClInclude>
    <ClInclude Include="ThirdParty\vulkan\vk_video\vulkan_video_codec_h264std_encode.h">
      <Filter>Header Files</Filter>
    </ClInclude>
    <ClInclude Include="ThirdParty\vulkan\vk_video\vulkan_video_codec_h265std.h">
      <Filter>Header Files</Filter>
    </ClInclude>
    <ClInclude Include="ThirdParty\vulkan\vk_video\vulkan_video_codec_h265std_decode.h">
      <Filter>Header Files</Filter>
    </ClInclude>
    <ClInclude Include="ThirdParty\vulkan\vk_video\vulkan_video_codec_h265std_encode.h">
      <Filter>Header Files</Filter>
    </ClInclude>
    <ClInclude Include="ThirdParty\vulkan\vk_video\vulkan_video_codecs_common.h">
      <Filter>Header Files</Filter>
    </ClInclude>
    <ClInclude Include="ThirdParty\bend\bend_sss_cpu.h">
      <Filter>Header Files</Filter>
    </ClInclude>
    <ClInclude Include="Source\Core\Assets\Asset.h">
      <Filter>Header Files</Filter>
    </ClInclude>
    <ClInclude Include="Source\Core\Assets\AssetDatabase.h">
      <Filter>Header Files</Filter>
    </ClInclude>
    <ClInclude Include="Source\Core\Assets\AssetImportEvent.h">
      <Filter>Header Files</Filter>
    </ClInclude>
    <ClInclude Include="Source\Core\CLI\CVariableRegister.h">
      <Filter>Header Files</Filter>
    </ClInclude>
    <ClInclude Include="Source\Core\CLI\CVariable.h">
      <Filter>Header Files</Filter>
    </ClInclude>
    <ClInclude Include="Source\Core\CLI\ILogger.h">
      <Filter>Header Files</Filter>
    </ClInclude>
    <ClInclude Include="Source\Core\CLI\Log.h">
      <Filter>Header Files</Filter>
    </ClInclude>
    <ClInclude Include="Source\Core\CLI\LoggerPrintf.h">
      <Filter>Header Files</Filter>
    </ClInclude>
    <ClInclude Include="Source\Core\CLI\LogScopeIndent.h">
      <Filter>Header Files</Filter>
    </ClInclude>
    <ClInclude Include="Source\Core\CLI\LogScopeTimer.h">
      <Filter>Header Files</Filter>
    </ClInclude>
    <ClInclude Include="Source\Core\ControlFlow\IStep.h">
      <Filter>Header Files</Filter>
    </ClInclude>
    <ClInclude Include="Source\Core\ControlFlow\Sequencer.h">
      <Filter>Header Files</Filter>
    </ClInclude>
    <ClInclude Include="Source\Core\Input\InputKey.h">
      <Filter>Header Files</Filter>
    </ClInclude>
    <ClInclude Include="Source\App\Engines\EngineInput.h">
      <Filter>Header Files</Filter>
    </ClInclude>
    <ClInclude Include="Source\Core\ServiceRegister.h">
      <Filter>Header Files</Filter>
    </ClInclude>
    <ClInclude Include="Source\App\Engines\EngineTime.h">
      <Filter>Header Files</Filter>
    </ClInclude>
    <ClInclude Include="Source\Core\Timers\TimeFrameInfo.h">
      <Filter>Header Files</Filter>
    </ClInclude>
    <ClInclude Include="Source\Core\Yaml\StructMacros.h">
      <Filter>Header Files</Filter>
    </ClInclude>
    <ClInclude Include="Source\App\RendererApplication.h">
      <Filter>Header Files</Filter>
    </ClInclude>
    <ClInclude Include="Source\Core\CLI\CArguments.h">
      <Filter>Header Files</Filter>
    </ClInclude>
    <ClInclude Include="Source\App\BaseRendererConfig.h">
      <Filter>Header Files</Filter>
    </ClInclude>
    <ClInclude Include="Source\App\ECS\Builders.h">
      <Filter>Header Files</Filter>
    </ClInclude>
    <ClInclude Include="Source\App\ECS\ComponentBounds.h">
      <Filter>Header Files</Filter>
    </ClInclude>
    <ClInclude Include="Source\App\ECS\ComponentFlyCamera.h">
      <Filter>Header Files</Filter>
    </ClInclude>
    <ClInclude Include="Source\App\ECS\ComponentLight.h">
      <Filter>Header Files</Filter>
    </ClInclude>
    <ClInclude Include="Source\App\ECS\ComponentMaterials.h">
      <Filter>Header Files</Filter>
    </ClInclude>
    <ClInclude Include="Source\App\ECS\ComponentProjection.h">
      <Filter>Header Files</Filter>
    </ClInclude>
    <ClInclude Include="Source\App\ECS\ComponentRenderView.h">
      <Filter>Header Files</Filter>
    </ClInclude>
    <ClInclude Include="Source\App\ECS\ComponentScenePrimitive.h">
      <Filter>Header Files</Filter>
    </ClInclude>
    <ClInclude Include="Source\App\ECS\ComponentMeshStatic.h">
      <Filter>Header Files</Filter>
    </ClInclude>
    <ClInclude Include="Source\App\ECS\ComponentTransform.h">
      <Filter>Header Files</Filter>
    </ClInclude>
    <ClInclude Include="Source\App\ECS\EntityViewFlyCamera.h">
      <Filter>Header Files</Filter>
    </ClInclude>
    <ClInclude Include="Source\App\ECS\EntityViewLight.h">
      <Filter>Header Files</Filter>
    </ClInclude>
    <ClInclude Include="Source\App\ECS\EntityViewLightSphereTransforms.h">
      <Filter>Header Files</Filter>
    </ClInclude>
    <ClInclude Include="Source\App\ECS\EntityViewRenderView.h">
      <Filter>Header Files</Filter>
    </ClInclude>
    <ClInclude Include="Source\App\ECS\EntityViewScenePrimitive.h">
      <Filter>Header Files</Filter>
    </ClInclude>
    <ClInclude Include="Source\App\ECS\EntityViewMeshStatic.h">
      <Filter>Header Files</Filter>
    </ClInclude>
    <ClInclude Include="Source\App\ECS\EntityViewTransform.h">
      <Filter>Header Files</Filter>
    </ClInclude>
    <ClInclude Include="Source\App\ECS\ImplementerFlyCamera.h">
      <Filter>Header Files</Filter>
    </ClInclude>
    <ClInclude Include="Source\App\ECS\ImplementerLight.h">
      <Filter>Header Files</Filter>
    </ClInclude>
    <ClInclude Include="Source\App\ECS\ImplementerMeshStatic.h">
      <Filter>Header Files</Filter>
    </ClInclude>
    <ClInclude Include="Source\App\Engines\EngineCommandInput.h">
      <Filter>Header Files</Filter>
    </ClInclude>
    <ClInclude Include="Source\App\Engines\EngineDebug.h">
      <Filter>Header Files</Filter>
    </ClInclude>
    <ClInclude Include="Source\App\Engines\EngineDrawGeometry.h">
      <Filter>Header Files</Filter>
    </ClInclude>
    <ClInclude Include="Source\App\Engines\EngineEntityCull.h">
      <Filter>Header Files</Filter>
    </ClInclude>
    <ClInclude Include="Source\App\Engines\EngineFlyCamera.h">
      <Filter>Header Files</Filter>
    </ClInclude>
    <ClInclude Include="Source\App\Engines\EngineGatherRayTracingGeometry.h">
      <Filter>Header Files</Filter>
    </ClInclude>
    <ClInclude Include="Source\App\Engines\EngineScreenshot.h">
      <Filter>Header Files</Filter>
    </ClInclude>
    <ClInclude Include="Source\App\Engines\EngineUpdateTransforms.h">
      <Filter>Header Files</Filter>
    </ClInclude>
    <ClInclude Include="Source\Core\Math\Color.h">
      <Filter>Header Files</Filter>
    </ClInclude>
    <ClInclude Include="Source\Core\Math\Bounds.h">
      <Filter>Header Files</Filter>
    </ClInclude>
    <ClInclude Include="Source\Core\Math\Extended.h">
      <Filter>Header Files</Filter>
    </ClInclude>
    <ClInclude Include="Source\Core\Math\Math.h">
      <Filter>Header Files</Filter>
    </ClInclude>
    <ClInclude Include="Source\Core\Rendering\ConstantBuffer.h">
      <Filter>Header Files</Filter>
    </ClInclude>
    <ClInclude Include="Source\Core\Rendering\Material.h">
      <Filter>Header Files</Filter>
    </ClInclude>
    <ClInclude Include="Source\App\Renderer\RenderView.h">
      <Filter>Header Files</Filter>
    </ClInclude>
    <ClInclude Include="Source\Core\Rendering\ShaderBindingTable.h">
      <Filter>Header Files</Filter>
    </ClInclude>
    <ClInclude Include="Source\Core\Rendering\ShaderPropertyBlock.h">
      <Filter>Header Files</Filter>
    </ClInclude>
    <ClInclude Include="Source\Core\Rendering\Mesh.h">
      <Filter>Header Files</Filter>
    </ClInclude>
    <ClInclude Include="Source\App\Renderer\Passes\PassAutoExposure.h">
      <Filter>Header Files</Filter>
    </ClInclude>
    <ClInclude Include="Source\App\Renderer\Passes\PassBloom.h">
      <Filter>Header Files</Filter>
    </ClInclude>
    <ClInclude Include="Source\App\Renderer\Passes\PassDepthOfField.h">
      <Filter>Header Files</Filter>
    </ClInclude>
    <ClInclude Include="Source\App\Renderer\Passes\PassSceneEnv.h">
      <Filter>Header Files</Filter>
    </ClInclude>
    <ClInclude Include="Source\App\Renderer\Passes\PassFilmGrain.h">
      <Filter>Header Files</Filter>
    </ClInclude>
    <ClInclude Include="Source\App\Renderer\Passes\PassHierarchicalDepth.h">
      <Filter>Header Files</Filter>
    </ClInclude>
    <ClInclude Include="Source\App\Renderer\Passes\PassLights.h">
      <Filter>Header Files</Filter>
    </ClInclude>
    <ClInclude Include="Source\App\Renderer\Passes\PassPostEffects.h">
      <Filter>Header Files</Filter>
    </ClInclude>
    <ClInclude Include="Source\App\Renderer\Passes\PassSceneGI.h">
      <Filter>Header Files</Filter>
    </ClInclude>
    <ClInclude Include="Source\App\Renderer\Passes\PassTemporalAntialiasing.h">
      <Filter>Header Files</Filter>
    </ClInclude>
    <ClInclude Include="Source\App\Renderer\Passes\PassVolumetricFog.h">
      <Filter>Header Files</Filter>
    </ClInclude>
    <ClInclude Include="Source\Core\RHI\Vulkan\VulkanAccelerationStructure.h">
      <Filter>Header Files</Filter>
    </ClInclude>
    <ClInclude Include="Source\Core\RHI\Vulkan\VulkanBindSet.h">
      <Filter>Header Files</Filter>
    </ClInclude>
    <ClInclude Include="Source\Core\RHI\Vulkan\VulkanBuffer.h">
      <Filter>Header Files</Filter>
    </ClInclude>
    <ClInclude Include="Source\Core\RHI\Vulkan\VulkanCommandBuffer.h">
      <Filter>Header Files</Filter>
    </ClInclude>
    <ClInclude Include="Source\Core\RHI\Vulkan\VulkanQueue.h">
      <Filter>Header Files</Filter>
    </ClInclude>
    <ClInclude Include="Source\Core\RHI\Vulkan\VulkanRenderState.h">
      <Filter>Header Files</Filter>
    </ClInclude>
    <ClInclude Include="Source\Core\RHI\Vulkan\VulkanShader.h">
      <Filter>Header Files</Filter>
    </ClInclude>
    <ClInclude Include="Source\Core\RHI\Vulkan\VulkanSparsePageTable.h">
      <Filter>Header Files</Filter>
    </ClInclude>
    <ClInclude Include="Source\Core\RHI\Vulkan\VulkanSwapchain.h">
      <Filter>Header Files</Filter>
    </ClInclude>
    <ClInclude Include="Source\Core\RHI\Vulkan\VulkanTexture.h">
      <Filter>Header Files</Filter>
    </ClInclude>
    <ClInclude Include="Source\Core\RHI\Vulkan\Services\VulkanBarrierHandler.h">
      <Filter>Header Files</Filter>
    </ClInclude>
    <ClInclude Include="Source\Core\RHI\Vulkan\Services\VulkanDescriptorCache.h">
      <Filter>Header Files</Filter>
    </ClInclude>
    <ClInclude Include="Source\Core\RHI\Vulkan\Services\VulkanLayoutCache.h">
      <Filter>Header Files</Filter>
    </ClInclude>
    <ClInclude Include="Source\Core\RHI\Vulkan\Services\VulkanPipelineCache.h">
      <Filter>Header Files</Filter>
    </ClInclude>
    <ClInclude Include="Source\Core\RHI\Vulkan\Services\VulkanSamplerCache.h">
      <Filter>Header Files</Filter>
    </ClInclude>
    <ClInclude Include="Source\Core\RHI\Vulkan\Services\VulkanStagingBufferCache.h">
      <Filter>Header Files</Filter>
    </ClInclude>
    <ClInclude Include="Source\Core\RHI\Vulkan\VulkanCommon.h">
      <Filter>Header Files</Filter>
    </ClInclude>
    <ClInclude Include="Source\Core\RHI\Vulkan\VulkanDriver.h">
      <Filter>Header Files</Filter>
    </ClInclude>
    <ClInclude Include="Source\Core\RHI\BuiltInResources.h">
      <Filter>Header Files</Filter>
    </ClInclude>
    <ClInclude Include="Source\Core\ControlFlow\Disposer.h">
      <Filter>Header Files</Filter>
    </ClInclude>
    <ClInclude Include="Source\Core\ControlFlow\FenceRef.h">
      <Filter>Header Files</Filter>
    </ClInclude>
    <ClInclude Include="Source\Core\RHI\RHInterfaces.h">
      <Filter>Header Files</Filter>
    </ClInclude>
    <ClInclude Include="Source\Core\RHI\Layout.h">
      <Filter>Header Files</Filter>
    </ClInclude>
    <ClInclude Include="Source\Core\RHI\Structs.h">
      <Filter>Header Files</Filter>
    </ClInclude>
    <ClInclude Include="Source\App\Renderer\EntityEnums.h">
      <Filter>Header Files</Filter>
    </ClInclude>
    <ClInclude Include="Source\App\Renderer\EntityCulling.h">
      <Filter>Header Files</Filter>
    </ClInclude>
    <ClInclude Include="Source\App\Renderer\HashCache.h">
      <Filter>Header Files</Filter>
    </ClInclude>
    <ClInclude Include="Source\App\Renderer\RenderPipelineScene.h">
      <Filter>Header Files</Filter>
    </ClInclude>
    <ClInclude Include="Source\App\Renderer\BatcherMeshStatic.h">
      <Filter>Header Files</Filter>
    </ClInclude>
    <ClInclude Include="Source\Core\Utilities\Mask.h">
      <Filter>Header Files</Filter>
    </ClInclude>
    <ClInclude Include="Source\Core\Utilities\BufferView.h">
      <Filter>Header Files</Filter>
    </ClInclude>
    <ClInclude Include="Source\Core\Utilities\FileIO.h">
      <Filter>Header Files</Filter>
    </ClInclude>
    <ClInclude Include="Source\Core\Utilities\Pool.h">
      <Filter>Header Files</Filter>
    </ClInclude>
    <ClInclude Include="Source\Core\Utilities\Hash.h">
      <Filter>Header Files</Filter>
    </ClInclude>
    <ClInclude Include="Source\Core\Utilities\HashMap.h">
      <Filter>Header Files</Filter>
    </ClInclude>
    <ClInclude Include="Source\Core\Utilities\Singleton.h">
      <Filter>Header Files</Filter>
    </ClInclude>
    <ClInclude Include="Source\Core\Utilities\ArrayList.h">
      <Filter>Header Files</Filter>
    </ClInclude>
    <ClInclude Include="Source\Core\Utilities\NoCopy.h">
      <Filter>Header Files</Filter>
    </ClInclude>
    <ClInclude Include="Source\Core\Utilities\PropertyBlock.h">
      <Filter>Header Files</Filter>
    </ClInclude>
    <ClInclude Include="Source\Core\Utilities\RangeTable.h">
      <Filter>Header Files</Filter>
    </ClInclude>
    <ClInclude Include="Source\Core\Utilities\Ref.h">
      <Filter>Header Files</Filter>
    </ClInclude>
    <ClInclude Include="Source\Core\Utilities\VersionedObject.h">
      <Filter>Header Files</Filter>
    </ClInclude>
    <ClInclude Include="Source\PrecompiledHeader.h">
      <Filter>Header Files</Filter>
    </ClInclude>
    <ClInclude Include="Source\Core\ControlFlow\RemoteProcessRunner.h">
      <Filter>Header Files</Filter>
    </ClInclude>
    <ClInclude Include="Source\Core\Input\InputKeyBinding.h">
      <Filter>Header Files</Filter>
    </ClInclude>
    <ClInclude Include="Source\Core\Input\InputKeyConfig.h">
      <Filter>Header Files</Filter>
    </ClInclude>
    <ClInclude Include="Source\Core\Input\InputKeyStructMacros.h">
      <Filter>Header Files</Filter>
    </ClInclude>
    <ClInclude Include="Source\App\Renderer\RenderPipelineBase.h">
      <Filter>Header Files</Filter>
    </ClInclude>
    <ClInclude Include="Source\App\Renderer\IBatcher.h">
      <Filter>Header Files</Filter>
    </ClInclude>
    <ClInclude Include="Source\Core\Utilities\NameID.h">
      <Filter>Header Files</Filter>
    </ClInclude>
    <ClInclude Include="Source\Core\Rendering\TextureAsset.h">
      <Filter>Header Files</Filter>
    </ClInclude>
    <ClInclude Include="Source\Core\Rendering\MeshUtilities.h">
      <Filter>Header Files</Filter>
    </ClInclude>
    <ClInclude Include="Source\Core\Rendering\RenderingFwd.h">
      <Filter>Header Files</Filter>
    </ClInclude>
    <ClInclude Include="Source\Core\Rendering\ShaderAsset.h">
      <Filter>Header Files</Filter>
    </ClInclude>
    <ClInclude Include="Source\Core\Rendering\CommandBufferExt.h">
      <Filter>Header Files</Filter>
    </ClInclude>
    <ClInclude Include="Source\Core\Math\Forward.h">
      <Filter>Header Files</Filter>
    </ClInclude>
    <ClInclude Include="Source\Core\RHI\RHI.h">
      <Filter>Header Files</Filter>
    </ClInclude>
    <ClInclude Include="Source\Core\ECS\EGID.h">
      <Filter>Header Files</Filter>
    </ClInclude>
    <ClInclude Include="Source\Core\ECS\EntityDatabase.h">
      <Filter>Header Files</Filter>
    </ClInclude>
    <ClInclude Include="Source\Core\ECS\IEntityImplementer.h">
      <Filter>Header Files</Filter>
    </ClInclude>
    <ClInclude Include="Source\Core\ECS\IEntityView.h">
      <Filter>Header Files</Filter>
    </ClInclude>
    <ClInclude Include="Source\Core\IApplication.h">
      <Filter>Header Files</Filter>
    </ClInclude>
    <ClInclude Include="Source\Core\Utilities\NameIDProviderDefault.h">
      <Filter>Header Files</Filter>
    </ClInclude>
    <ClInclude Include="Source\Core\Timers\TimerFramerate.h">
      <Filter>Header Files</Filter>
    </ClInclude>
    <ClInclude Include="Source\Core\Timers\ITimer.h">
      <Filter>Header Files</Filter>
    </ClInclude>
    <ClInclude Include="Source\Core\Timers\TimerFrameRunner.h">
      <Filter>Header Files</Filter>
    </ClInclude>
    <ClInclude Include="Source\Core\Timers\TimeHelpers.h">
      <Filter>Header Files</Filter>
    </ClInclude>
    <ClInclude Include="Source\App\Engines\EngineProfiler.h">
      <Filter>Header Files</Filter>
    </ClInclude>
    <ClInclude Include="Source\App\Renderer\RenderViewSettings.h">
      <Filter>Header Files</Filter>
    </ClInclude>
    <ClInclude Include="Source\App\Renderer\IGUIRenderer.h">
      <Filter>Header Files</Filter>
    </ClInclude>
    <ClInclude Include="Source\Core\Rendering\Font.h">
      <Filter>Header Files</Filter>
    </ClInclude>
    <ClInclude Include="Source\App\Engines\EngineGUIRenderer.h">
      <Filter>Header Files</Filter>
    </ClInclude>
    <ClInclude Include="Source\Core\Utilities\FixedString.h">
      <Filter>Header Files</Filter>
    </ClInclude>
    <ClInclude Include="Source\Core\Utilities\LinkedList.h">
      <Filter>Header Files</Filter>
    </ClInclude>
    <ClInclude Include="ThirdParty\rapidyaml\rapidyaml-0.7.1.hpp">
      <Filter>Header Files</Filter>
    </ClInclude>
    <ClInclude Include="Source\Core\Yaml\RapidyamlFwd.h">
      <Filter>Header Files</Filter>
    </ClInclude>
    <ClInclude Include="ThirdParty\rapidyaml\ryaml.h">
      <Filter>Header Files</Filter>
    </ClInclude>
    <ClInclude Include="Source\Core\CLI\CVariablesYaml.h">
      <Filter>Header Files</Filter>
    </ClInclude>
    <ClInclude Include="Source\Core\Yaml\RapidyamlPrivate.h">
      <Filter>Header Files</Filter>
    </ClInclude>
    <ClInclude Include="Source\App\ECS\ComponentViewInput.h">
      <Filter>Header Files</Filter>
    </ClInclude>
    <ClInclude Include="Source\Core\Input\InputState.h">
      <Filter>Header Files</Filter>
    </ClInclude>
    <ClInclude Include="Source\App\Engines\EngineViewUpdate.h">
      <Filter>Header Files</Filter>
    </ClInclude>
    <ClInclude Include="Source\App\ECS\ComponentTime.h">
      <Filter>Header Files</Filter>
    </ClInclude>
    <ClInclude Include="Source\Core\Platform\Platform.h">
      <Filter>Header Files</Filter>
    </ClInclude>
    <ClInclude Include="Source\Core\Platform\Windows\Win32Platform.h">
      <Filter>Header Files</Filter>
    </ClInclude>
    <ClInclude Include="Source\Core\Platform\Linux\LinuxPlatform.h">
      <Filter>Header Files</Filter>
    </ClInclude>
    <ClInclude Include="Source\Core\Platform\PlatformInterfaces.h">
      <Filter>Header Files</Filter>
    </ClInclude>
    <ClInclude Include="Source\Core\Platform\Windows\Win32Window.h">
      <Filter>Header Files</Filter>
    </ClInclude>
    <ClInclude Include="Source\Core\Platform\Windows\Win32Internal.h">
      <Filter>Header Files</Filter>
    </ClInclude>
    <ClInclude Include="Source\Core\Input\InputDevice.h">
      <Filter>Header Files</Filter>
    </ClInclude>
    <ClInclude Include="Source\Core\Rendering\Window.h">
      <Filter>Header Files</Filter>
    </ClInclude>
    <ClInclude Include="Source\Core\Input\InputStateCollection.h">
      <Filter>Header Files</Filter>
    </ClInclude>
    <ClInclude Include="Source\App\FrameStep.h">
      <Filter>Header Files</Filter>
    </ClInclude>
    <ClInclude Include="Source\App\FrameContext.h">
      <Filter>Header Files</Filter>
    </ClInclude>
    <ClInclude Include="Source\Core\Utilities\TypeSet.h">
      <Filter>Header Files</Filter>
    </ClInclude>
    <ClInclude Include="Source\Core\Utilities\TypeIndex.h">
      <Filter>Header Files</Filter>
    </ClInclude>
    <ClInclude Include="Source\Core\Utilities\FixedArena.h">
      <Filter>Header Files</Filter>
    </ClInclude>
    <ClInclude Include="Source\App\Renderer\Passes\PassDistort.h">
      <Filter>Header Files</Filter>
    </ClInclude>
    <ClInclude Include="ThirdParty\PKAssets\PKAssetEncoding.h">
      <Filter>Header Files</Filter>
    </ClInclude>
    <ClInclude Include="Source\Core\RHI\Vulkan\VulkanLimits.h">
      <Filter>Header Files</Filter>
    </ClInclude>
    <ClInclude Include="Source\Core\Utilities\Memory.h">
      <Filter>Header Files</Filter>
    </ClInclude>
    <ClInclude Include="Source\Core\Utilities\Templates.h">
      <Filter>Header Files</Filter>
    </ClInclude>
    <ClInclude Include="Source\Core\Utilities\Pair.h">
      <Filter>Header Files</Filter>
    </ClInclude>
    <ClInclude Include="Source\Core\Utilities\InitializerList.h">
      <Filter>Header Files</Filter>
    </ClInclude>
    <ClInclude Include="Source\Core\Utilities\Function.h">
      <Filter>Header Files</Filter>
    </ClInclude>
    <ClInclude Include="Source\Core\Math\Vector.h">
      <Filter>Header Files</Filter>
    </ClInclude>
    <ClInclude Include="Source\Core\Math\Scalar.h">
      <Filter>Header Files</Filter>
    </ClInclude>
    <ClInclude Include="Source\Core\Math\Random.h">
      <Filter>Header Files</Filter>
    </ClInclude>
    <ClInclude Include="Source\Core\Math\Quaternion.h">
      <Filter>Header Files</Filter>
    </ClInclude>
    <ClInclude Include="Source\Core\Math\Projection.h">
      <Filter>Header Files</Filter>
    </ClInclude>
    <ClInclude Include="Source\Core\Math\Transform.h">
      <Filter>Header Files</Filter>
    </ClInclude>
    <ClInclude Include="Source\Core\Math\Simd.h">
      <Filter>Header Files</Filter>
    </ClInclude>
    <ClInclude Include="Source\Core\Utilities\Allocation.h">
      <Filter>Header Files</Filter>
    </ClInclude>
  </ItemGroup>
  <ItemGroup>
    <None Include="ThirdParty\vulkan\Binaries\vulkan-1.pdb" />
    <None Include="Content\Models\MDL_Cloth.mdl" />
    <None Include="Content\Configs\BaseRenderer.cfg" />
    <None Include="Content\Configs\Input.keycfg" />
    <None Include="Content\Shaders\includes\Utilities.glsl" />
    <None Include="Content\Shaders\includes\Common.glsl" />
    <None Include="Content\Shaders\CS_SceneEnv_IntegrateIBL.shader" />
    <None Include="Content\Shaders\includes\Encoding.glsl" />
    <None Include="Content\Shaders\includes\LightSampling.glsl" />
    <None Include="Content\Textures\T_OEM_Quarry.ktx2" />
    <None Include="Content\Shaders\CS_PostEffectsComposite.shader" />
    <None Include="Content\Shaders\includes\PostFXColorGrading.glsl" />
    <None Include="Content\Shaders\includes\PostFXResources.glsl" />
    <None Include="Content\Shaders\includes\Constants.glsl" />
    <None Include="Content\Shaders\includes\Noise.glsl" />
    <None Include="Content\Shaders\CS_FilmGrain.shader" />
    <None Include="Content\Shaders\includes\PostFXFilmGrain.glsl" />
    <None Include="Content\Shaders\CS_Bloom.shader" />
    <None Include="Content\Shaders\includes\PostFXBloom.glsl" />
    <None Include="Content\Textures\T_Bloom_LensDirt.ktx2" />
    <None Include="Content\Shaders\CS_AutoExposure.shader" />
    <None Include="Content\Shaders\includes\PostFXAutoExposure.glsl" />
    <None Include="Content\Shaders\includes\PostFXDepthOfField.glsl" />
    <None Include="Content\Shaders\CS_AutoFocus.shader" />
    <None Include="Content\Shaders\CS_DepthOfField.shader" />
    <None Include="Content\Shaders\MS_Mat_Unlit_Color.shader" />
    <None Include="Content\Textures\T_OEM_Trail.ktx2" />
    <None Include="Content\Textures\T_OEM_Park.ktx2" />
    <None Include="Content\Textures\Default\T_LightCookies.ktx2" />
    <None Include="Content\Textures\T_OEM_Desert.ktx2" />
    <None Include="Content\Textures\T_OEM_Mountains.ktx2" />
    <None Include="Content\Textures\T_OEM_Night.ktx2" />
    <None Include="Content\Textures\Default\T_Bluenoise256.ktx2" />
    <None Include="Content\Shaders\includes\LightResources.glsl" />
    <None Include="Content\Shaders\MS_Mat_Shadow_Default.shader" />
    <None Include="Content\Shaders\CS_CopyCubeShadow.shader" />
    <None Include="Content\Shaders\CS_LightAssignment.shader" />
    <None Include="Content\Shaders\includes\GBuffers.glsl" />
    <None Include="Content\Shaders\includes\BRDF.glsl" />
    <None Include="Content\Shaders\includes\SurfaceShaderBase.glsl" />
    <None Include="Content\Shaders\MS_Mat_Surf_Default.shader" />
    <None Include="Content\Materials\M_Ground.material" />
    <None Include="Content\Textures\Environment\T_Wood_Floor_S.ktx2" />
    <None Include="Content\Textures\Environment\T_Asphalt_D.ktx2" />
    <None Include="Content\Textures\Environment\T_Asphalt_H.ktx2" />
    <None Include="Content\Textures\Environment\T_Asphalt_N.ktx2" />
    <None Include="Content\Textures\Environment\T_Asphalt_S.ktx2" />
    <None Include="Content\Textures\Environment\T_Cloth_D.ktx2" />
    <None Include="Content\Textures\Environment\T_Cloth_H.ktx2" />
    <None Include="Content\Textures\Environment\T_Cloth_S.ktx2" />
    <None Include="Content\Textures\Environment\T_EmissiveTest_E.ktx2" />
    <None Include="Content\Textures\Environment\T_Gravel_D.ktx2" />
    <None Include="Content\Textures\Environment\T_Gravel_N.ktx2" />
    <None Include="Content\Textures\Environment\T_Gravel_S.ktx2" />
    <None Include="Content\Textures\Environment\T_Ground_D.ktx2" />
    <None Include="Content\Textures\Environment\T_Ground_H.ktx2" />
    <None Include="Content\Textures\Environment\T_Ground_N.ktx2" />
    <None Include="Content\Textures\Environment\T_Ground_S.ktx2" />
    <None Include="Content\Textures\Environment\T_Metal_Plates_D.ktx2" />
    <None Include="Content\Textures\Environment\T_Metal_Plates_N.ktx2" />
    <None Include="Content\Textures\Environment\T_Metal_Plates_S.ktx2" />
    <None Include="Content\Textures\Environment\T_Metal_Rust_D.ktx2" />
    <None Include="Content\Textures\Environment\T_Metal_Rust_N.ktx2" />
    <None Include="Content\Textures\Environment\T_Metal_Rust_S.ktx2" />
    <None Include="Content\Textures\Environment\T_Sand_D.ktx2" />
    <None Include="Content\Textures\Environment\T_Sand_H.ktx2" />
    <None Include="Content\Textures\Environment\T_Sand_N.ktx2" />
    <None Include="Content\Textures\Environment\T_Sand_S.ktx2" />
    <None Include="Content\Textures\Environment\T_Wood_Floor_D.ktx2" />
    <None Include="Content\Textures\Environment\T_Wood_Floor_N.ktx2" />
    <None Include="Content\Materials\M_Cloth.material" />
    <None Include="Content\Materials\M_Asphalt.material" />
    <None Include="Content\Materials\M_Gravel.material" />
    <None Include="Content\Materials\M_Metal_Panel.material" />
    <None Include="Content\Materials\M_Metal_Rust.material" />
    <None Include="Content\Materials\M_Sand.material" />
    <None Include="Content\Materials\M_Water.material" />
    <None Include="Content\Materials\M_Wood_Floor.material" />
    <None Include="Content\Shaders\MS_Mat_Surf_Cloth.shader" />
    <None Include="Content\Shaders\MS_Mat_Surf_Glitter.shader" />
    <None Include="Content\Shaders\MS_Mat_Surf_Water.shader" />
    <None Include="Content\Textures\Environment\T_Gravel_H.ktx2" />
    <None Include="Content\Textures\Environment\T_Metal_Plates_H.ktx2" />
    <None Include="Content\Textures\Environment\T_Metal_Rust_H.ktx2" />
    <None Include="Content\Textures\Environment\T_Wood_Floor_H.ktx2" />
    <None Include="Content\Models\MDL_Spiral.mdl" />
    <None Include="Content\Models\MDL_Columns.mdl" />
    <None Include="Content\Shaders\CS_GI_VolumeUpdate.shader" />
    <None Include="Content\Shaders\includes\SceneGI.glsl" />
    <None Include="Content\Shaders\CS_GI_Accumulate.shader" />
    <None Include="Content\Shaders\includes\VolumetricFog.glsl" />
    <None Include="Content\Shaders\CS_VolumeFog_Scatter.shader" />
    <None Include="Content\Shaders\CS_VolumeFog_Composite.shader" />
    <None Include="Content\Models\MDL_Rocks.mdl" />
    <None Include="Content\Textures\Environment\T_Marble_D.ktx2" />
    <None Include="Content\Textures\Environment\T_Marble_H.ktx2" />
    <None Include="Content\Textures\Environment\T_Marble_N.ktx2" />
    <None Include="Content\Textures\Environment\T_Marble_S.ktx2" />
    <None Include="Content\Shaders\MS_Mat_Surf_Triplanar.shader" />
    <None Include="Content\Materials\M_Marble.material" />
    <None Include="Content\Materials\M_Plaster.material" />
    <None Include="Content\Textures\Environment\T_Plaster_D.ktx2" />
    <None Include="Content\Textures\Environment\T_Plaster_H.ktx2" />
    <None Include="Content\Textures\Environment\T_Plaster_N.ktx2" />
    <None Include="Content\Textures\Environment\T_Plaster_S.ktx2" />
    <None Include="Content\Models\MDL_Cloth.mdl.pkmeta" />
    <None Include="Content\Models\MDL_Columns.mdl.pkmeta" />
    <None Include="Content\Models\MDL_Rocks.mdl.pkmeta" />
    <None Include="Content\Models\MDL_Spiral.mdl.pkmeta" />
    <None Include="Content\Shaders\CS_GI_Reproject.shader" />
    <None Include="Content\Shaders\RS_GI_Raytrace.shader" />
    <None Include="Content\Shaders\CS_TemporalAntialiasing.shader" />
    <None Include="Content\Shaders\includes\SHL1.glsl" />
    <None Include="Content\Shaders\includes\Kernels.glsl" />
    <None Include="Content\Shaders\includes\NoiseBlue.glsl" />
    <None Include="Content\Textures\Default\T_Bluenoise128x64.ktx2" />
    <None Include="Content\Shaders\CS_GI_GradientEstimation.shader" />
    <None Include="Content\Shaders\CS_GI_PostFilter.shader" />
    <None Include="Content\Shaders\CS_HierarchicalDepth.shader" />
    <None Include="Content\Shaders\CS_CompressBC6H.shader" />
    <None Include="Content\Shaders\includes\CTASwizzling.glsl" />
    <None Include="Content\Shaders\CS_SceneEnv_IntegrateSH.shader" />
    <None Include="Content\Shaders\includes\SceneEnv.glsl" />
    <None Include="Content\Shaders\includes\TricubicSampler.glsl" />
    <None Include="Content\Shaders\CS_GI_ShadeHits.shader" />
    <None Include="Content\Shaders\CS_VolumeFog_Inject.shader" />
    <None Include="Content\Shaders\CS_VolumeFog_Density.shader" />
    <None Include="Content\Shaders\VS_Gizmos.shader" />
    <None Include="Content\Shaders\includes\SceneGIFiltering.glsl" />
    <None Include="Content\Shaders\includes\SceneGIReSTIR.glsl" />
    <None Include="Content\Shaders\includes\MortonOrder.glsl" />
    <None Include="Content\Shaders\RS_GI_ValidateReservoirs.shader" />
    <None Include="Content\Shaders\includes\SceneGIGradients.glsl" />
    <None Include="Content\Textures\T_CC_LUT32.ktx2" />
    <None Include="Content\Shaders\includes\SceneGIVX.glsl" />
    <None Include="Content\Shaders\includes\Shadows.glsl" />
    <None Include="Content\Shaders\CS_ScreenspaceShadow.shader" />
    <None Include="Content\Shaders\includes\bend_sss_gpu.glsl" />
    <None Include="Content\Shaders\includes\SceneGIRT.glsl" />
    <None Include="Content\Shaders\includes\ComputeQuadSwap.glsl" />
    <None Include="Content\Shaders\includes\Meshlets.glsl" />
    <None Include="Content\Shaders\includes\Gizmos.glsl" />
    <None Include="Content\Textures\T_Bloom_LensDirt2.ktx2" />
    <None Include="Content\Configs\DebugEngine.cfg" />
    <None Include="Content\Shaders\VS_GUI.shader" />
    <None Include="Content\Shaders\VS_SceneEnv_Background.shader" />
    <None Include="Content\Shaders\CS_IntegrateDFG.shader" />
    <None Include="Content\Textures\T_TonemapLut_Agx.ktx2" />
    <None Include="Content\Shaders\CS_SceneEnv_IntegrateISL.shader" />
    <None Include="Content\Shaders\CS_Distort.shader" />
    <None Include="Content\Shaders\includes\Quaternion.glsl" />
    <None Include="Content\Shaders\CS_VolumetricFog.shader" />
    <None Include="Content\Shaders\includes\ffx_spd.glsl" />
  </ItemGroup>
  <ItemGroup>
    <ClCompile Include="ThirdParty\PKAssets\PKAssetLoader.cpp">
      <Filter>Source Files</Filter>
    </ClCompile>
    <ClCompile Include="ThirdParty\mikktspace\mikktspace.c">
      <Filter>Source Files</Filter>
    </ClCompile>
    <ClCompile Include="ThirdParty\PKAssets\PKAsset.cpp">
      <Filter>Source Files</Filter>
    </ClCompile>
    <ClCompile Include="Source\Core\Assets\AssetDatabase.cpp">
      <Filter>Source Files</Filter>
    </ClCompile>
    <ClCompile Include="Source\Core\CLI\CVariableRegister.cpp">
      <Filter>Source Files</Filter>
    </ClCompile>
    <ClCompile Include="Source\Core\CLI\CVariable.cpp">
      <Filter>Source Files</Filter>
    </ClCompile>
    <ClCompile Include="Source\Core\CLI\Log.cpp">
      <Filter>Source Files</Filter>
    </ClCompile>
    <ClCompile Include="Source\Core\CLI\LoggerPrintf.cpp">
      <Filter>Source Files</Filter>
    </ClCompile>
    <ClCompile Include="Source\Core\CLI\LogScopeIndent.cpp">
      <Filter>Source Files</Filter>
    </ClCompile>
    <ClCompile Include="Source\Core\CLI\LogScopeTimer.cpp">
      <Filter>Source Files</Filter>
    </ClCompile>
    <ClCompile Include="Source\Core\Input\InputKey.cpp">
      <Filter>Source Files</Filter>
    </ClCompile>
    <ClCompile Include="Source\App\Engines\EngineInput.cpp">
      <Filter>Source Files</Filter>
    </ClCompile>
    <ClCompile Include="Source\App\Engines\EngineTime.cpp">
      <Filter>Source Files</Filter>
    </ClCompile>
    <ClCompile Include="Source\Core\Yaml\StructMacros.cpp">
      <Filter>Source Files</Filter>
    </ClCompile>
    <ClCompile Include="Source\Core\Yaml\SerializeInputKeyBindings.cpp">
      <Filter>Source Files</Filter>
    </ClCompile>
    <ClCompile Include="Source\Core\Yaml\SerializeMathTypes.cpp">
      <Filter>Source Files</Filter>
    </ClCompile>
    <ClCompile Include="Source\Core\Yaml\SerializeShader.cpp">
      <Filter>Source Files</Filter>
    </ClCompile>
    <ClCompile Include="Source\Core\Yaml\SerializeTextureAsset.cpp">
      <Filter>Source Files</Filter>
    </ClCompile>
    <ClCompile Include="Source\App\RendererApplication.cpp">
      <Filter>Source Files</Filter>
    </ClCompile>
    <ClCompile Include="Source\App\ECS\Builders.cpp">
      <Filter>Source Files</Filter>
    </ClCompile>
    <ClCompile Include="Source\App\Engines\EngineCommandInput.cpp">
      <Filter>Source Files</Filter>
    </ClCompile>
    <ClCompile Include="Source\App\Engines\EngineDebug.cpp">
      <Filter>Source Files</Filter>
    </ClCompile>
    <ClCompile Include="Source\App\Engines\EngineDrawGeometry.cpp">
      <Filter>Source Files</Filter>
    </ClCompile>
    <ClCompile Include="Source\App\Engines\EngineEntityCull.cpp">
      <Filter>Source Files</Filter>
    </ClCompile>
    <ClCompile Include="Source\App\Engines\EngineFlyCamera.cpp">
      <Filter>Source Files</Filter>
    </ClCompile>
    <ClCompile Include="Source\App\Engines\EngineGatherRayTracingGeometry.cpp">
      <Filter>Source Files</Filter>
    </ClCompile>
    <ClCompile Include="Source\App\Engines\EngineScreenshot.cpp">
      <Filter>Source Files</Filter>
    </ClCompile>
    <ClCompile Include="Source\App\Engines\EngineUpdateTransforms.cpp">
      <Filter>Source Files</Filter>
    </ClCompile>
    <ClCompile Include="Source\Core\Rendering\ConstantBuffer.cpp">
      <Filter>Source Files</Filter>
    </ClCompile>
    <ClCompile Include="Source\Core\Rendering\Material.cpp">
      <Filter>Source Files</Filter>
    </ClCompile>
    <ClCompile Include="Source\Core\Rendering\ShaderBindingTable.cpp">
      <Filter>Source Files</Filter>
    </ClCompile>
    <ClCompile Include="Source\Core\Rendering\ShaderPropertyBlock.cpp">
      <Filter>Source Files</Filter>
    </ClCompile>
    <ClCompile Include="Source\Core\Rendering\Mesh.cpp">
      <Filter>Source Files</Filter>
    </ClCompile>
    <ClCompile Include="Source\App\Renderer\Passes\PassAutoExposure.cpp">
      <Filter>Source Files</Filter>
    </ClCompile>
    <ClCompile Include="Source\App\Renderer\Passes\PassBloom.cpp">
      <Filter>Source Files</Filter>
    </ClCompile>
    <ClCompile Include="Source\App\Renderer\Passes\PassDepthOfField.cpp">
      <Filter>Source Files</Filter>
    </ClCompile>
    <ClCompile Include="Source\App\Renderer\Passes\PassSceneEnv.cpp">
      <Filter>Source Files</Filter>
    </ClCompile>
    <ClCompile Include="Source\App\Renderer\Passes\PassFilmGrain.cpp">
      <Filter>Source Files</Filter>
    </ClCompile>
    <ClCompile Include="Source\App\Renderer\Passes\PassHierarchicalDepth.cpp">
      <Filter>Source Files</Filter>
    </ClCompile>
    <ClCompile Include="Source\App\Renderer\Passes\PassLights.cpp">
      <Filter>Source Files</Filter>
    </ClCompile>
    <ClCompile Include="Source\App\Renderer\Passes\PassPostEffects.cpp">
      <Filter>Source Files</Filter>
    </ClCompile>
    <ClCompile Include="Source\App\Renderer\Passes\PassSceneGI.cpp">
      <Filter>Source Files</Filter>
    </ClCompile>
    <ClCompile Include="Source\App\Renderer\Passes\PassTemporalAntialiasing.cpp">
      <Filter>Source Files</Filter>
    </ClCompile>
    <ClCompile Include="Source\App\Renderer\Passes\PassVolumetricFog.cpp">
      <Filter>Source Files</Filter>
    </ClCompile>
    <ClCompile Include="Source\Core\Rendering\CommandBufferExt.cpp">
      <Filter>Source Files</Filter>
    </ClCompile>
    <ClCompile Include="Source\Core\Rendering\ShaderAsset.cpp">
      <Filter>Source Files</Filter>
    </ClCompile>
    <ClCompile Include="Source\Core\RHI\Vulkan\VulkanAccelerationStructure.cpp">
      <Filter>Source Files</Filter>
    </ClCompile>
    <ClCompile Include="Source\Core\RHI\Vulkan\VulkanBindSet.cpp">
      <Filter>Source Files</Filter>
    </ClCompile>
    <ClCompile Include="Source\Core\RHI\Vulkan\VulkanBuffer.cpp">
      <Filter>Source Files</Filter>
    </ClCompile>
    <ClCompile Include="Source\Core\RHI\Vulkan\VulkanCommandBuffer.cpp">
      <Filter>Source Files</Filter>
    </ClCompile>
    <ClCompile Include="Source\Core\RHI\Vulkan\VulkanQueue.cpp">
      <Filter>Source Files</Filter>
    </ClCompile>
    <ClCompile Include="Source\Core\RHI\Vulkan\VulkanRenderState.cpp">
      <Filter>Source Files</Filter>
    </ClCompile>
    <ClCompile Include="Source\Core\RHI\Vulkan\VulkanShader.cpp">
      <Filter>Source Files</Filter>
    </ClCompile>
    <ClCompile Include="Source\Core\RHI\Vulkan\VulkanSparsePageTable.cpp">
      <Filter>Source Files</Filter>
    </ClCompile>
    <ClCompile Include="Source\Core\RHI\Vulkan\VulkanSwapchain.cpp">
      <Filter>Source Files</Filter>
    </ClCompile>
    <ClCompile Include="Source\Core\RHI\Vulkan\VulkanTexture.cpp">
      <Filter>Source Files</Filter>
    </ClCompile>
    <ClCompile Include="Source\Core\RHI\Vulkan\Services\VulkanBarrierHandler.cpp">
      <Filter>Source Files</Filter>
    </ClCompile>
    <ClCompile Include="Source\Core\RHI\Vulkan\Services\VulkanDescriptorCache.cpp">
      <Filter>Source Files</Filter>
    </ClCompile>
    <ClCompile Include="Source\Core\RHI\Vulkan\Services\VulkanLayoutCache.cpp">
      <Filter>Source Files</Filter>
    </ClCompile>
    <ClCompile Include="Source\Core\RHI\Vulkan\Services\VulkanPipelineCache.cpp">
      <Filter>Source Files</Filter>
    </ClCompile>
    <ClCompile Include="Source\Core\RHI\Vulkan\Services\VulkanSamplerCache.cpp">
      <Filter>Source Files</Filter>
    </ClCompile>
    <ClCompile Include="Source\Core\RHI\Vulkan\Services\VulkanStagingBufferCache.cpp">
      <Filter>Source Files</Filter>
    </ClCompile>
    <ClCompile Include="Source\Core\RHI\Vulkan\VulkanCommon.cpp">
      <Filter>Source Files</Filter>
    </ClCompile>
    <ClCompile Include="Source\Core\RHI\Vulkan\VulkanDriver.cpp">
      <Filter>Source Files</Filter>
    </ClCompile>
    <ClCompile Include="Source\Core\RHI\BuiltInResources.cpp">
      <Filter>Source Files</Filter>
    </ClCompile>
    <ClCompile Include="Source\Core\ControlFlow\Disposer.cpp">
      <Filter>Source Files</Filter>
    </ClCompile>
    <ClCompile Include="Source\Core\RHI\Layout.cpp">
      <Filter>Source Files</Filter>
    </ClCompile>
    <ClCompile Include="Source\App\Renderer\RenderPipelineBase.cpp">
      <Filter>Source Files</Filter>
    </ClCompile>
    <ClCompile Include="Source\App\Renderer\RenderPipelineScene.cpp">
      <Filter>Source Files</Filter>
    </ClCompile>
    <ClCompile Include="Source\App\Renderer\BatcherMeshStatic.cpp">
      <Filter>Source Files</Filter>
    </ClCompile>
    <ClCompile Include="Source\Core\Utilities\FileIO.cpp">
      <Filter>Source Files</Filter>
    </ClCompile>
    <ClCompile Include="Source\Core\Utilities\Hash.cpp">
      <Filter>Source Files</Filter>
    </ClCompile>
    <ClCompile Include="Source\Core\Utilities\PropertyBlock.cpp">
      <Filter>Source Files</Filter>
    </ClCompile>
    <ClCompile Include="Source\main.cpp">
      <Filter>Source Files</Filter>
    </ClCompile>
    <ClCompile Include="Source\PrecompiledHeader.cpp">
      <Filter>Source Files</Filter>
    </ClCompile>
    <ClCompile Include="Source\Core\ControlFlow\RemoteProcessRunner.cpp">
      <Filter>Source Files</Filter>
    </ClCompile>
    <ClCompile Include="Source\Core\Input\InputKeyBinding.cpp">
      <Filter>Source Files</Filter>
    </ClCompile>
    <ClCompile Include="Source\App\Renderer\RenderView.cpp">
      <Filter>Source Files</Filter>
    </ClCompile>
    <ClCompile Include="Source\App\ECS\ComponentProjection.cpp">
      <Filter>Source Files</Filter>
    </ClCompile>
    <ClCompile Include="Source\Core\RHI\RHI.cpp">
      <Filter>Source Files</Filter>
    </ClCompile>
    <ClCompile Include="Source\App\Renderer\EntityCulling.cpp">
      <Filter>Source Files</Filter>
    </ClCompile>
    <ClCompile Include="Source\Core\Utilities\VersionedObject.cpp">
      <Filter>Source Files</Filter>
    </ClCompile>
    <ClCompile Include="Source\Core\ServiceRegister.cpp">
      <Filter>Source Files</Filter>
    </ClCompile>
    <ClCompile Include="Source\Core\Rendering\TextureAsset.cpp">
      <Filter>Source Files</Filter>
    </ClCompile>
    <ClCompile Include="Source\Core\Rendering\MeshUtilities.cpp">
      <Filter>Source Files</Filter>
    </ClCompile>
    <ClCompile Include="Source\Core\IApplication.cpp">
      <Filter>Source Files</Filter>
    </ClCompile>
    <ClCompile Include="Source\Core\Utilities\NameIDProviderDefault.cpp">
      <Filter>Source Files</Filter>
    </ClCompile>
    <ClCompile Include="Source\Core\Timers\TimerFramerate.cpp">
      <Filter>Source Files</Filter>
    </ClCompile>
    <ClCompile Include="Source\Core\Timers\ITimer.cpp">
      <Filter>Source Files</Filter>
    </ClCompile>
    <ClCompile Include="Source\Core\Timers\TimerFrameRunner.cpp">
      <Filter>Source Files</Filter>
    </ClCompile>
    <ClCompile Include="Source\App\Engines\EngineProfiler.cpp">
      <Filter>Source Files</Filter>
    </ClCompile>
    <ClCompile Include="Source\Core\Yaml\SerializeCVariablesYaml.cpp">
      <Filter>Source Files</Filter>
    </ClCompile>
    <ClCompile Include="Source\Core\Rendering\Font.cpp">
      <Filter>Source Files</Filter>
    </ClCompile>
    <ClCompile Include="Source\App\Engines\EngineGUIRenderer.cpp">
      <Filter>Source Files</Filter>
    </ClCompile>
    <ClCompile Include="Source\Core\Yaml\SerializeFixedString.cpp">
      <Filter>Source Files</Filter>
    </ClCompile>
    <ClCompile Include="ThirdParty\rapidyaml\ryamlImpl.cpp">
      <Filter>Source Files</Filter>
    </ClCompile>
    <ClCompile Include="Source\App\Engines\EngineViewUpdate.cpp">
      <Filter>Source Files</Filter>
    </ClCompile>
    <ClCompile Include="Source\Core\Input\InputState.cpp">
      <Filter>Source Files</Filter>
    </ClCompile>
    <ClCompile Include="Source\Core\Platform\Windows\Win32Platform.cpp">
      <Filter>Source Files</Filter>
    </ClCompile>
    <ClCompile Include="Source\Core\Platform\Windows\Win32Window.cpp">
      <Filter>Source Files</Filter>
    </ClCompile>
    <ClCompile Include="Source\Core\Platform\Platform.cpp">
      <Filter>Source Files</Filter>
    </ClCompile>
    <ClCompile Include="Source\Core\Rendering\Window.cpp">
      <Filter>Source Files</Filter>
    </ClCompile>
    <ClCompile Include="Source\Core\Yaml\SerializeRHIStructs.cpp">
      <Filter>Source Files</Filter>
    </ClCompile>
    <ClCompile Include="Source\Core\RHI\Structs.cpp">
      <Filter>Source Files</Filter>
    </ClCompile>
    <ClCompile Include="Source\Core\Yaml\SerializeWindowDescriptor.cpp">
      <Filter>Source Files</Filter>
    </ClCompile>
    <ClCompile Include="Source\App\Renderer\Passes\PassDistort.cpp">
      <Filter>Source Files</Filter>
    </ClCompile>
    <ClCompile Include="ThirdParty\PKAssets\PKAssetEncoding.cpp">
      <Filter>Source Files</Filter>
    </ClCompile>
    <ClCompile Include="Source\Core\Utilities\Mask.cpp">
      <Filter>Source Files</Filter>
    </ClCompile>
    <ClCompile Include="Source\Core\ControlFlow\Sequencer.cpp">
      <Filter>Source Files</Filter>
    </ClCompile>
    <ClCompile Include="Source\Core\Utilities\Ref.cpp">
      <Filter>Source Files</Filter>
    </ClCompile>
    <ClCompile Include="Source\Core\Timers\TimeHelpers.cpp">
      <Filter>Source Files</Filter>
    </ClCompile>
    <ClCompile Include="Source\Core\Math\Random.cpp">
      <Filter>Source Files</Filter>
    </ClCompile>
  </ItemGroup>
  <ItemGroup>
    <Library Include="ThirdParty\vulkan\Binaries\vulkan-1.lib" />
  </ItemGroup>
  <ItemGroup>
    <Image Include="Content\AppIcon.ico">
      <Filter>Resource Files</Filter>
    </Image>
  </ItemGroup>
  <ItemGroup>
    <Font Include="Content\Fonts\Helvetica.ttf" />
    <Font Include="Content\Fonts\FSEX302.ttf" />
  </ItemGroup>
  <ItemGroup>
    <ResourceCompile Include="PKRenderer.rc">
      <Filter>Resource Files</Filter>
    </ResourceCompile>
  </ItemGroup>
</Project>